
Microsoft Visual Studio Solution File, Format Version 12.00
# Visual Studio Version 16
VisualStudioVersion = 16.0.31624.102
MinimumVisualStudioVersion = 10.0.40219.1
Project("{FAE04EC0-301F-11D3-BF4B-00C04F79EFBC}") = "GuessingGame2", "GuessingGame2\GuessingGame2.csproj", "{3D054326-024D-4688-A521-6BCC2F6909FD}"
EndProject
Global
	GlobalSection(SolutionConfigurationPlatforms) = preSolution
		Debug|Any CPU = Debug|Any CPU
		Release|Any CPU = Release|Any CPU
	EndGlobalSection
	GlobalSection(ProjectConfigurationPlatforms) = postSolution
		{3D054326-024D-4688-A521-6BCC2F6909FD}.Debug|Any CPU.ActiveCfg = Debug|Any CPU
		{3D054326-024D-4688-A521-6BCC2F6909FD}.Debug|Any CPU.Build.0 = Debug|Any CPU
		{3D054326-024D-4688-A521-6BCC2F6909FD}.Release|Any CPU.ActiveCfg = Release|Any CPU
		{3D054326-024D-4688-A521-6BCC2F6909FD}.Release|Any CPU.Build.0 = Release|Any CPU
	EndGlobalSection
	GlobalSection(SolutionProperties) = preSolution
		HideSolutionNode = FALSE
	EndGlobalSection
	GlobalSection(ExtensibilityGlobals) = postSolution
		SolutionGuid = {57205390-DB0F-4DD9-9710-CFA5CDBAA3C9}
	EndGlobalSection
EndGlobal
